
Microsoft Visual Studio Solution File, Format Version 12.00
# Visual Studio 15
VisualStudioVersion = 15.0.26228.9
MinimumVisualStudioVersion = 10.0.40219.1
Project("{2150E333-8FDC-42A3-9474-1A3956D46DE8}") = "Data", "Data", "{0ABDF7D4-C1ED-45AE-A2A6-DD530ED24DE8}"
EndProject
Project("{FAE04EC0-301F-11D3-BF4B-00C04F79EFBC}") = "App.Data.Models", "Data\App.Data.Models\App.Data.Models.csproj", "{A743F28C-4C88-46B4-9A7F-A707C22175A3}"
EndProject
Global
	GlobalSection(SolutionConfigurationPlatforms) = preSolution
		Debug|Any CPU = Debug|Any CPU
		Release|Any CPU = Release|Any CPU
	EndGlobalSection
	GlobalSection(ProjectConfigurationPlatforms) = postSolution
		{A743F28C-4C88-46B4-9A7F-A707C22175A3}.Debug|Any CPU.ActiveCfg = Debug|Any CPU
		{A743F28C-4C88-46B4-9A7F-A707C22175A3}.Debug|Any CPU.Build.0 = Debug|Any CPU
		{A743F28C-4C88-46B4-9A7F-A707C22175A3}.Release|Any CPU.ActiveCfg = Release|Any CPU
		{A743F28C-4C88-46B4-9A7F-A707C22175A3}.Release|Any CPU.Build.0 = Release|Any CPU
	EndGlobalSection
	GlobalSection(SolutionProperties) = preSolution
		HideSolutionNode = FALSE
	EndGlobalSection
	GlobalSection(NestedProjects) = preSolution
		{A743F28C-4C88-46B4-9A7F-A707C22175A3} = {0ABDF7D4-C1ED-45AE-A2A6-DD530ED24DE8}
	EndGlobalSection
EndGlobal
