
Microsoft Visual Studio Solution File, Format Version 12.00
# Visual Studio 15
VisualStudioVersion = 15.0.26228.10
MinimumVisualStudioVersion = 10.0.40219.1
Project("{2150E333-8FDC-42A3-9474-1A3956D46DE8}") = "Data", "Data", "{0ABDF7D4-C1ED-45AE-A2A6-DD530ED24DE8}"
EndProject
Project("{FAE04EC0-301F-11D3-BF4B-00C04F79EFBC}") = "App.Data.Models", "Data\App.Data.Models\App.Data.Models.csproj", "{A743F28C-4C88-46B4-9A7F-A707C22175A3}"
EndProject
Project("{FAE04EC0-301F-11D3-BF4B-00C04F79EFBC}") = "App.Data.Common", "Data\App.Data.Common\App.Data.Common.csproj", "{5A20D0D6-B1C0-4FF4-A43C-A0EBB6D5CCD9}"
EndProject
Project("{FAE04EC0-301F-11D3-BF4B-00C04F79EFBC}") = "App.Data", "Data\App.Data\App.Data.csproj", "{5A08AA4F-19D1-41E1-B53E-F8C59DB83E6D}"
EndProject
Project("{2150E333-8FDC-42A3-9474-1A3956D46DE8}") = "ConsoleClient", "ConsoleClient", "{507C4761-F676-459A-BC55-DDE22F0E2856}"
EndProject
Project("{FAE04EC0-301F-11D3-BF4B-00C04F79EFBC}") = "App.ConsoleClient", "ConsoleClient\App.ConsoleClient\App.ConsoleClient.csproj", "{0A66EF22-5819-41A9-ACEB-5810C997FF78}"
EndProject
Project("{2150E333-8FDC-42A3-9474-1A3956D46DE8}") = "Web", "Web", "{D98B8FCE-B60F-441A-9CBE-8DBD83C5612F}"
EndProject
Project("{2150E333-8FDC-42A3-9474-1A3956D46DE8}") = "Services", "Services", "{269630C8-C165-46DB-90CD-B0251F0738D0}"
EndProject
Project("{2150E333-8FDC-42A3-9474-1A3956D46DE8}") = "Common", "Common", "{8EEEED26-F05D-42D0-B1BD-9CBFF4CF1A79}"
EndProject
Project("{2150E333-8FDC-42A3-9474-1A3956D46DE8}") = "Tests", "Tests", "{8A41E08A-DC1E-44D3-84DA-BA2710EFE900}"
EndProject
Project("{FAE04EC0-301F-11D3-BF4B-00C04F79EFBC}") = "App.Web", "Web\App.Web\App.Web.csproj", "{74C91EA3-76B8-4596-99A8-01564B644741}"
EndProject
Project("{FAE04EC0-301F-11D3-BF4B-00C04F79EFBC}") = "App.Tests.Test", "Tests\App.Tests.Test\App.Tests.Test.csproj", "{8A1ED475-0EA7-4B0E-8488-24EE498303C9}"
EndProject
Global
	GlobalSection(SolutionConfigurationPlatforms) = preSolution
		Debug|Any CPU = Debug|Any CPU
		Release|Any CPU = Release|Any CPU
	EndGlobalSection
	GlobalSection(ProjectConfigurationPlatforms) = postSolution
		{A743F28C-4C88-46B4-9A7F-A707C22175A3}.Debug|Any CPU.ActiveCfg = Debug|Any CPU
		{A743F28C-4C88-46B4-9A7F-A707C22175A3}.Debug|Any CPU.Build.0 = Debug|Any CPU
		{A743F28C-4C88-46B4-9A7F-A707C22175A3}.Release|Any CPU.ActiveCfg = Release|Any CPU
		{A743F28C-4C88-46B4-9A7F-A707C22175A3}.Release|Any CPU.Build.0 = Release|Any CPU
		{5A20D0D6-B1C0-4FF4-A43C-A0EBB6D5CCD9}.Debug|Any CPU.ActiveCfg = Debug|Any CPU
		{5A20D0D6-B1C0-4FF4-A43C-A0EBB6D5CCD9}.Debug|Any CPU.Build.0 = Debug|Any CPU
		{5A20D0D6-B1C0-4FF4-A43C-A0EBB6D5CCD9}.Release|Any CPU.ActiveCfg = Release|Any CPU
		{5A20D0D6-B1C0-4FF4-A43C-A0EBB6D5CCD9}.Release|Any CPU.Build.0 = Release|Any CPU
		{5A08AA4F-19D1-41E1-B53E-F8C59DB83E6D}.Debug|Any CPU.ActiveCfg = Debug|Any CPU
		{5A08AA4F-19D1-41E1-B53E-F8C59DB83E6D}.Debug|Any CPU.Build.0 = Debug|Any CPU
		{5A08AA4F-19D1-41E1-B53E-F8C59DB83E6D}.Release|Any CPU.ActiveCfg = Release|Any CPU
		{5A08AA4F-19D1-41E1-B53E-F8C59DB83E6D}.Release|Any CPU.Build.0 = Release|Any CPU
		{0A66EF22-5819-41A9-ACEB-5810C997FF78}.Debug|Any CPU.ActiveCfg = Debug|Any CPU
		{0A66EF22-5819-41A9-ACEB-5810C997FF78}.Debug|Any CPU.Build.0 = Debug|Any CPU
		{0A66EF22-5819-41A9-ACEB-5810C997FF78}.Release|Any CPU.ActiveCfg = Release|Any CPU
		{0A66EF22-5819-41A9-ACEB-5810C997FF78}.Release|Any CPU.Build.0 = Release|Any CPU
		{74C91EA3-76B8-4596-99A8-01564B644741}.Debug|Any CPU.ActiveCfg = Debug|Any CPU
		{74C91EA3-76B8-4596-99A8-01564B644741}.Debug|Any CPU.Build.0 = Debug|Any CPU
		{74C91EA3-76B8-4596-99A8-01564B644741}.Release|Any CPU.ActiveCfg = Release|Any CPU
		{74C91EA3-76B8-4596-99A8-01564B644741}.Release|Any CPU.Build.0 = Release|Any CPU
		{8A1ED475-0EA7-4B0E-8488-24EE498303C9}.Debug|Any CPU.ActiveCfg = Debug|Any CPU
		{8A1ED475-0EA7-4B0E-8488-24EE498303C9}.Debug|Any CPU.Build.0 = Debug|Any CPU
		{8A1ED475-0EA7-4B0E-8488-24EE498303C9}.Release|Any CPU.ActiveCfg = Release|Any CPU
		{8A1ED475-0EA7-4B0E-8488-24EE498303C9}.Release|Any CPU.Build.0 = Release|Any CPU
	EndGlobalSection
	GlobalSection(SolutionProperties) = preSolution
		HideSolutionNode = FALSE
	EndGlobalSection
	GlobalSection(NestedProjects) = preSolution
		{A743F28C-4C88-46B4-9A7F-A707C22175A3} = {0ABDF7D4-C1ED-45AE-A2A6-DD530ED24DE8}
		{5A20D0D6-B1C0-4FF4-A43C-A0EBB6D5CCD9} = {0ABDF7D4-C1ED-45AE-A2A6-DD530ED24DE8}
		{5A08AA4F-19D1-41E1-B53E-F8C59DB83E6D} = {0ABDF7D4-C1ED-45AE-A2A6-DD530ED24DE8}
		{0A66EF22-5819-41A9-ACEB-5810C997FF78} = {507C4761-F676-459A-BC55-DDE22F0E2856}
		{74C91EA3-76B8-4596-99A8-01564B644741} = {D98B8FCE-B60F-441A-9CBE-8DBD83C5612F}
		{8A1ED475-0EA7-4B0E-8488-24EE498303C9} = {8A41E08A-DC1E-44D3-84DA-BA2710EFE900}
	EndGlobalSection
EndGlobal
